Microsoft Visual Studio Solution File, Format Version 12.00
# Visual Studio Version 17
VisualStudioVersion = 17.5.2.0
MinimumVisualStudioVersion = 10.0.40219.1
Project("{FAE04EC0-301F-11D3-BF4B-00C04F79EFBC}") = "FlanderDev.SFM.General", "FlanderDev.SFM.General.csproj", "{1E875730-F208-A876-5FD8-7A51CD77BE77}"
EndProject
Global
	GlobalSection(SolutionConfigurationPlatforms) = preSolution
		Debug|Any CPU = Debug|Any CPU
		Release|Any CPU = Release|Any CPU
	EndGlobalSection
	GlobalSection(ProjectConfigurationPlatforms) = postSolution
		{1E875730-F208-A876-5FD8-7A51CD77BE77}.Debug|Any CPU.ActiveCfg = Debug|Any CPU
		{1E875730-F208-A876-5FD8-7A51CD77BE77}.Debug|Any CPU.Build.0 = Debug|Any CPU
		{1E875730-F208-A876-5FD8-7A51CD77BE77}.Release|Any CPU.ActiveCfg = Release|Any CPU
		{1E875730-F208-A876-5FD8-7A51CD77BE77}.Release|Any CPU.Build.0 = Release|Any CPU
	EndGlobalSection
	GlobalSection(SolutionProperties) = preSolution
		HideSolutionNode = FALSE
	EndGlobalSection
	GlobalSection(ExtensibilityGlobals) = postSolution
		SolutionGuid = {720B5459-8223-4083-822F-F102A2B72113}
	EndGlobalSection
EndGlobal
